
Microsoft Visual Studio Solution File, Format Version 12.00
# Visual Studio Version 17
VisualStudioVersion = 17.10.34928.147
MinimumVisualStudioVersion = 10.0.40219.1
Project("{FAE04EC0-301F-11D3-BF4B-00C04F79EFBC}") = "AdivinheNumero", "AdivinheNumero\AdivinheNumero.csproj", "{D17439E1-3098-49A5-8012-743BD33DDCB2}"
EndProject
Global
	GlobalSection(SolutionConfigurationPlatforms) = preSolution
		Debug|Any CPU = Debug|Any CPU
		Release|Any CPU = Release|Any CPU
	EndGlobalSection
	GlobalSection(ProjectConfigurationPlatforms) = postSolution
		{D17439E1-3098-49A5-8012-743BD33DDCB2}.Debug|Any CPU.ActiveCfg = Debug|Any CPU
		{D17439E1-3098-49A5-8012-743BD33DDCB2}.Debug|Any CPU.Build.0 = Debug|Any CPU
		{D17439E1-3098-49A5-8012-743BD33DDCB2}.Release|Any CPU.ActiveCfg = Release|Any CPU
		{D17439E1-3098-49A5-8012-743BD33DDCB2}.Release|Any CPU.Build.0 = Release|Any CPU
	EndGlobalSection
	GlobalSection(SolutionProperties) = preSolution
		HideSolutionNode = FALSE
	EndGlobalSection
	GlobalSection(ExtensibilityGlobals) = postSolution
		SolutionGuid = {74A44CB5-749F-4F9A-AC02-F9FEFEEB085B}
	EndGlobalSection
EndGlobal
